<?xml version="1.0" encoding="utf-8"?>
<Project xmlns="http://schemas.microsoft.com/developer/msbuild/2003">
  <PropertyGroup>
    <ProjectGuid>{4dd53565-9020-4f96-a3fe-83abdf008ed0}</ProjectGuid>
    <Configuration Condition=" '$(Configuration)' == '' ">Debug</Configuration>
    <Platform Condition=" '$(Platform)' == '' ">AnyCPU</Platform>
    <DCC_DCCCompiler>DCC32</DCC_DCCCompiler>
    <DCC_DependencyCheckOutputName>DFend.exe</DCC_DependencyCheckOutputName>
    <MainSource>DFend.dpr</MainSource>
  </PropertyGroup>
  <PropertyGroup Condition=" '$(Configuration)|$(Platform)' == 'Release|AnyCPU' ">
    <Version>7.0</Version>
    <DCC_DebugInformation>False</DCC_DebugInformation>
    <DCC_LocalDebugSymbols>False</DCC_LocalDebugSymbols>
    <DCC_SymbolReferenceInfo>0</DCC_SymbolReferenceInfo>
    <DCC_Define>RELEASE</DCC_Define>
  </PropertyGroup>
  <PropertyGroup Condition=" '$(Configuration)|$(Platform)' == 'Debug|AnyCPU' ">
    <Version>7.0</Version>
    <DCC_Define>DEBUG</DCC_Define>
    <DCC_UnitSearchPath>.\Components\pngimage;.\Components\SevenZip;.\Components\ZipMaster</DCC_UnitSearchPath>
    <DCC_ResourcePath>.\Components\pngimage;.\Components\SevenZip;.\Components\ZipMaster</DCC_ResourcePath>
    <DCC_ObjPath>.\Components\pngimage;.\Components\SevenZip;.\Components\ZipMaster</DCC_ObjPath>
    <DCC_IncludePath>.\Components\pngimage;.\Components\SevenZip;.\Components\ZipMaster</DCC_IncludePath>
    <DCC_Optimize>False</DCC_Optimize>
  </PropertyGroup>
  <ProjectExtensions>
    <Borland.Personality>Delphi.Personality</Borland.Personality>
    <Borland.ProjectType />
    <BorlandProject>
<BorlandProject><Delphi.Personality><Parameters><Parameters Name="UseLauncher">False</Parameters><Parameters Name="LoadAllSymbols">True</Parameters><Parameters Name="LoadUnspecifiedSymbols">False</Parameters></Parameters><VersionInfo><VersionInfo Name="IncludeVerInfo">True</VersionInfo><VersionInfo Name="AutoIncBuild">False</VersionInfo><VersionInfo Name="MajorVer">1</VersionInfo><VersionInfo Name="MinorVer">4</VersionInfo><VersionInfo Name="Release">4</VersionInfo><VersionInfo Name="Build">102</VersionInfo><VersionInfo Name="Debug">False</VersionInfo><VersionInfo Name="PreRelease">False</VersionInfo><VersionInfo Name="Special">False</VersionInfo><VersionInfo Name="Private">False</VersionInfo><VersionInfo Name="DLL">False</VersionInfo><VersionInfo Name="Locale">1031</VersionInfo><VersionInfo Name="CodePage">1252</VersionInfo></VersionInfo><VersionInfoKeys><VersionInfoKeys Name="CompanyName"></VersionInfoKeys><VersionInfoKeys Name="FileDescription">D-Fend Reloaded</VersionInfoKeys><VersionInfoKeys Name="FileVersion">1.4.4.102</VersionInfoKeys><VersionInfoKeys Name="InternalName">D-Fend Reloaded</VersionInfoKeys><VersionInfoKeys Name="LegalCopyright">Alexander Herzog</VersionInfoKeys><VersionInfoKeys Name="LegalTrademarks"></VersionInfoKeys><VersionInfoKeys Name="OriginalFilename">DFend.exe</VersionInfoKeys><VersionInfoKeys Name="ProductName">D-Fend Reloaded</VersionInfoKeys><VersionInfoKeys Name="ProductVersion">1.0.0.0</VersionInfoKeys><VersionInfoKeys Name="Comments">GPL v3</VersionInfoKeys></VersionInfoKeys><Source><Source Name="MainSource">DFend.dpr</Source></Source></Delphi.Personality><ModelSupport>False</ModelSupport></BorlandProject></BorlandProject>
  </ProjectExtensions>
  <Import Project="$(MSBuildBinPath)\Borland.Delphi.Targets" />
  <ItemGroup>
    <DelphiCompile Include="DFend.dpr">
      <MainSource>MainSource</MainSource>
    </DelphiCompile>
    <DCCReference Include="BuildImageFromFolderFormUnit.pas">
      <Form>BuildImageFromFolderForm</Form>
    </DCCReference>
    <DCCReference Include="BuildInstallerFormUnit.pas">
      <Form>BuildInstallerForm</Form>
    </DCCReference>
    <DCCReference Include="BuildInstallerForSingleGameFormUnit.pas">
      <Form>BuildInstallerForSingleGameForm</Form>
    </DCCReference>
    <DCCReference Include="BuildZipPackagesFormUnit.pas">
      <Form>BuildZipPackagesForm</Form>
    </DCCReference>
    <DCCReference Include="CacheChooseFormUnit.pas">
      <Form>CacheChooseForm</Form>
    </DCCReference>
    <DCCReference Include="CheatApplyFormUnit.pas">
      <Form>CheatApplyForm</Form>
    </DCCReference>
    <DCCReference Include="CheatDBEditFormUnit.pas">
      <Form>CheatDBEditForm</Form>
    </DCCReference>
    <DCCReference Include="CheatDBInternalPrivateerPositionUnit.pas">
      <Form>CheatDBInternalPrivateerPositionForm</Form>
    </DCCReference>
    <DCCReference Include="CheatDBInternalUnit.pas" />
    <DCCReference Include="CheatDBSearchUnit.pas" />
    <DCCReference Include="CheatDBToolsUnit.pas" />
    <DCCReference Include="CheatDBUnit.pas" />
    <DCCReference Include="CheatSearchFormUnit.pas">
      <Form>CheatSearchForm</Form>
    </DCCReference>
    <DCCReference Include="ChecksumFormUnit.pas">
      <Form>ChecksumForm</Form>
    </DCCReference>
    <DCCReference Include="ChecksumScanner.pas" />
    <DCCReference Include="ClassExtensions.pas" />
    <DCCReference Include="CommonComponents.pas" />
    <DCCReference Include="CommonTools.pas" />
    <DCCReference Include="CopyProfileFormUnit.pas">
      <Form>CopyProfileForm</Form>
    </DCCReference>
    <DCCReference Include="CreateConfFormUnit.pas">
      <Form>CreateConfForm</Form>
    </DCCReference>
    <DCCReference Include="CreateImageToolsUnit.pas" />
    <DCCReference Include="CreateImageUnit.pas">
      <Form>CreateImageForm</Form>
    </DCCReference>
    <DCCReference Include="CreateISOImageFormUnit.pas">
      <Form>CreateISOImageForm</Form>
    </DCCReference>
    <DCCReference Include="CreateShortcutFormUnit.pas">
      <Form>CreateShortcutForm</Form>
    </DCCReference>
    <DCCReference Include="CreateShortcutsFormUnit.pas">
      <Form>CreateShortcutsForm</Form>
    </DCCReference>
    <DCCReference Include="CreateXMLFormUnit.pas">
      <Form>CreateXMLForm</Form>
    </DCCReference>
    <DCCReference Include="DataReaderBaseUnit.pas" />
    <DCCReference Include="DataReaderConfigUnit.pas" />
    <DCCReference Include="DataReaderFormUnit.pas">
      <Form>DataReaderForm</Form>
    </DCCReference>
    <DCCReference Include="DataReaderMobyUnit.pas" />
    <DCCReference Include="DataReaderTheGamesDBUnit.pas" />
    <DCCReference Include="DataReaderToolsUnit.pas" />
    <DCCReference Include="DOSBoxCountUnit.pas" />
    <DCCReference Include="DOSBoxFailedFormUnit.pas">
      <Form>DOSBoxFailedForm</Form>
    </DCCReference>
    <DCCReference Include="DOSBoxLangEditFormUnit.pas">
      <Form>DOSBoxLangEditForm</Form>
    </DCCReference>
    <DCCReference Include="DOSBoxLangStartFormUnit.pas">
      <Form>DOSBoxLangStartForm</Form>
    </DCCReference>
    <DCCReference Include="DOSBoxLangTools.pas" />
    <DCCReference Include="DOSBoxOutputTestFormUnit.pas">
      <Form>DOSBoxOutputTestForm</Form>
    </DCCReference>
    <DCCReference Include="DOSBoxShortNameUnit.pas" />
    <DCCReference Include="DOSBoxTempUnit.pas" />
    <DCCReference Include="DosBoxUnit.pas" />
    <DCCReference Include="DownloadWaitFormUnit.pas">
      <Form>DownloadWaitForm</Form>
    </DCCReference>
    <DCCReference Include="DragNDropErrorFormUnit.pas">
      <Form>DragNDropErrorForm</Form>
    </DCCReference>
    <DCCReference Include="DriveReadFormUnit.pas">
      <Form>DriveReadForm</Form>
    </DCCReference>
    <DCCReference Include="ExpandImageFormUnit.pas">
      <Form>ExpandImageForm</Form>
    </DCCReference>
    <DCCReference Include="ExportGamesListFormUnit.pas">
      <Form>ExportGamesListForm</Form>
    </DCCReference>
    <DCCReference Include="ExtraExeEditFormUnit.pas">
      <Form>ExtraExeEditForm</Form>
    </DCCReference>
    <DCCReference Include="FastMM4.pas" />
    <DCCReference Include="FastMM4HTTPFixes.pas" />
    <DCCReference Include="FileNameConvertor.pas" />
    <DCCReference Include="FirstRunWizardFormUnit.pas">
      <Form>FirstRunWizardForm</Form>
    </DCCReference>
    <DCCReference Include="FullscreenInfoFormUnit.pas">
      <Form>FullscreenInfoForm</Form>
    </DCCReference>
    <DCCReference Include="GameDBFilterToolsUnit.pas" />
    <DCCReference Include="GameDBFilterUnit.pas" />
    <DCCReference Include="GameDBToolsUnit.pas" />
    <DCCReference Include="GameDBUnit.pas" />
    <DCCReference Include="HashCalc.pas" />
    <DCCReference Include="HelpConsts.pas" />
    <DCCReference Include="HelpTools.pas" />
    <DCCReference Include="HistoryFormUnit.pas">
      <Form>HistoryForm</Form>
    </DCCReference>
    <DCCReference Include="HistoryUnit.pas" />
    <DCCReference Include="IconLoaderUnit.pas" />
    <DCCReference Include="IconManagerFormUnit.pas">
      <Form>IconManagerForm</Form>
    </DCCReference>
    <DCCReference Include="ImageCacheUnit.pas" />
    <DCCReference Include="ImageStretch.pas" />
    <DCCReference Include="ImageTools.pas" />
    <DCCReference Include="ImportSelectTemplateFormUnit.pas">
      <Form>ImportSelectTemplateForm</Form>
    </DCCReference>
    <DCCReference Include="InfoFormUnit.pas">
      <Form>InfoForm</Form>
    </DCCReference>
    <DCCReference Include="InstallationRunFormUnit.pas">
      <Form>InstallationRunForm</Form>
    </DCCReference>
    <DCCReference Include="InstallationSupportFormUnit.pas">
      <Form>InstallationSupportForm</Form>
    </DCCReference>
    <DCCReference Include="InternetDataWaitFormUnit.pas">
      <Form>InternetDataWaitForm</Form>
    </DCCReference>
    <DCCReference Include="LanguageEditorFormUnit.pas">
      <Form>LanguageEditorForm</Form>
    </DCCReference>
    <DCCReference Include="LanguageEditorStartFormUnit.pas">
      <Form>LanguageEditorStartForm</Form>
    </DCCReference>
    <DCCReference Include="LanguageSetupUnit.pas" />
    <DCCReference Include="LinkFileEditFormUnit.pas">
      <Form>LinkFileEditForm</Form>
    </DCCReference>
    <DCCReference Include="LinkFileUnit.pas" />
    <DCCReference Include="ListScummVMGamesFormUnit.pas">
      <Form>ListScummVMGamesForm</Form>
    </DCCReference>
    <DCCReference Include="ListViewImageUnit.pas" />
    <DCCReference Include="LoggingUnit.pas" />
    <DCCReference Include="MainUnit.pas">
      <Form>DFendReloadedMainForm</Form>
    </DCCReference>
    <DCCReference Include="MakeBootImageFromProfileFormUnit.pas">
      <Form>MakeBootImageFromProfileForm</Form>
    </DCCReference>
    <DCCReference Include="MIDITools.pas" />
    <DCCReference Include="MiniRunFormUnit.pas">
      <Form>MiniRunForm</Form>
    </DCCReference>
    <DCCReference Include="ModernProfileEditorAddtionalChecksumFrameUnit.pas">
      <Form>ModernProfileEditorAddtionalChecksumFrame</Form>
    </DCCReference>
    <DCCReference Include="ModernProfileEditorBaseFrameUnit.pas">
      <Form>ModernProfileEditorBaseFrame</Form>
    </DCCReference>
    <DCCReference Include="ModernProfileEditorCPUFrameUnit.pas">
      <Form>ModernProfileEditorCPUFrame</Form>
    </DCCReference>
    <DCCReference Include="ModernProfileEditorDirectoryFrameUnit.pas">
      <Form>ModernProfileEditorDirectoryFrame</Form>
    </DCCReference>
    <DCCReference Include="ModernProfileEditorDOSBoxFrameUnit.pas">
      <Form>ModernProfileEditorDOSBoxFrame</Form>
    </DCCReference>
    <DCCReference Include="ModernProfileEditorDOSEnvironmentFrameUnit.pas">
      <Form>ModernProfileEditorDOSEnvironmentFrame</Form>
    </DCCReference>
    <DCCReference Include="ModernProfileEditorDrivesFrameUnit.pas">
      <Form>ModernProfileEditorDrivesFrame</Form>
    </DCCReference>
    <DCCReference Include="ModernProfileEditorFormUnit.pas">
      <Form>ModernProfileEditorForm</Form>
    </DCCReference>
    <DCCReference Include="ModernProfileEditorGameInfoFrameUnit.pas">
      <Form>ModernProfileEditorGameInfoFrame</Form>
    </DCCReference>
    <DCCReference Include="ModernProfileEditorGraphicsFrameUnit.pas">
      <Form>ModernProfileEditorGraphicsFrame</Form>
    </DCCReference>
    <DCCReference Include="ModernProfileEditorGUSFrameUnit.pas">
      <Form>ModernProfileEditorGUSFrame</Form>
    </DCCReference>
    <DCCReference Include="ModernProfileEditorHardwareFrameUnit.pas">
      <Form>ModernProfileEditorHardwareFrame</Form>
    </DCCReference>
    <DCCReference Include="ModernProfileEditorHelperProgramsFrameUnit.pas">
      <Form>ModernProfileEditorHelperProgramsFrame</Form>
    </DCCReference>
    <DCCReference Include="ModernProfileEditorInnovaFrameUnit.pas">
      <Form>ModernProfileEditorInnovaFrame</Form>
    </DCCReference>
    <DCCReference Include="ModernProfileEditorJoystickFrameUnit.pas">
      <Form>ModernProfileEditorJoystickFrame</Form>
    </DCCReference>
    <DCCReference Include="ModernProfileEditorKeyboardFrameUnit.pas">
      <Form>ModernProfileEditorKeyboardFrame</Form>
    </DCCReference>
    <DCCReference Include="ModernProfileEditorMemoryFrameUnit.pas">
      <Form>ModernProfileEditorMemoryFrame</Form>
    </DCCReference>
    <DCCReference Include="ModernProfileEditorMIDIFrameUnit.pas">
      <Form>ModernProfileEditorMIDIFrame</Form>
    </DCCReference>
    <DCCReference Include="ModernProfileEditorMouseFrameUnit.pas">
      <Form>ModernProfileEditorMouseFrame</Form>
    </DCCReference>
    <DCCReference Include="ModernProfileEditorNetworkFrameUnit.pas">
      <Form>ModernProfileEditorNetworkFrame</Form>
    </DCCReference>
    <DCCReference Include="ModernProfileEditorPrinterFrameUnit.pas">
      <Form>ModernProfileEditorPrinterFrame</Form>
    </DCCReference>
    <DCCReference Include="ModernProfileEditorScummVMFrameUnit.pas">
      <Form>ModernProfileEditorScummVMFrame</Form>
    </DCCReference>
    <DCCReference Include="ModernProfileEditorScummVMGameFrameUnit.pas">
      <Form>ModernProfileEditorScummVMGameFrame</Form>
    </DCCReference>
    <DCCReference Include="ModernProfileEditorScummVMGraphicsFrameUnit.pas">
      <Form>ModernProfileEditorScummVMGraphicsFrame</Form>
    </DCCReference>
    <DCCReference Include="ModernProfileEditorScummVMHardwareFrameUnit.pas">
      <Form>ModernProfileEditorScummVMHardwareFrame</Form>
    </DCCReference>
    <DCCReference Include="ModernProfileEditorScummVMSoundFrameUnit.pas">
      <Form>ModernProfileEditorScummVMSoundFrame</Form>
    </DCCReference>
    <DCCReference Include="ModernProfileEditorSerialPortFrameUnit.pas">
      <Form>ModernProfileEditorSerialPortFrame</Form>
    </DCCReference>
    <DCCReference Include="ModernProfileEditorSerialPortsFrameUnit.pas">
      <Form>ModernProfileEditorSerialPortsFrame</Form>
    </DCCReference>
    <DCCReference Include="ModernProfileEditorSoundBlasterFrameUnit.pas">
      <Form>ModernProfileEditorSoundBlasterFrame</Form>
    </DCCReference>
    <DCCReference Include="ModernProfileEditorSoundFrameUnit.pas">
      <Form>ModernProfileEditorSoundFrame</Form>
    </DCCReference>
    <DCCReference Include="ModernProfileEditorStartFrameUnit.pas">
      <Form>ModernProfileEditorStartFrame</Form>
    </DCCReference>
    <DCCReference Include="ModernProfileEditorVolumeFrameUnit.pas">
      <Form>ModernProfileEditorVolumeFrame</Form>
    </DCCReference>
    <DCCReference Include="MultipleProfilesEditorFormUnit.pas">
      <Form>MultipleProfilesEditorForm</Form>
    </DCCReference>
    <DCCReference Include="OperationModeInfoFormUnit.pas">
      <Form>OperationModeInfoForm</Form>
    </DCCReference>
    <DCCReference Include="PackageBuilderUnit.pas" />
    <DCCReference Include="PackageCreationFormUnit.pas">
      <Form>PackageCreationForm</Form>
    </DCCReference>
    <DCCReference Include="PackageDBCacheUnit.pas" />
    <DCCReference Include="PackageDBToolsUnit.pas" />
    <DCCReference Include="PackageDBUnit.pas" />
    <DCCReference Include="PackageManagerFormUnit.pas">
      <Form>PackageManagerForm</Form>
    </DCCReference>
    <DCCReference Include="PackageManagerRepositoriesEditFormUnit.pas">
      <Form>PackageManagerRepositoriesEditForm</Form>
    </DCCReference>
    <DCCReference Include="PackageManagerRepositoriesEditURLFormUnit.pas">
      <Form>PackageManagerRepositoriesEditURLForm</Form>
    </DCCReference>
    <DCCReference Include="PackageManagerToolsUnit.pas" />
    <DCCReference Include="PlaySoundFormUnit.pas">
      <Form>PlaySoundForm</Form>
    </DCCReference>
    <DCCReference Include="PlayVideoFormUnit.pas">
      <Form>PlayVideoForm</Form>
    </DCCReference>
    <DCCReference Include="PrgConsts.pas" />
    <DCCReference Include="PrgSetupUnit.pas" />
    <DCCReference Include="ProfileEditorFormUnit.pas">
      <Form>ProfileEditorForm</Form>
    </DCCReference>
    <DCCReference Include="ProfileMountEditorCDDriveFrameUnit.pas">
      <Form>ProfileMountEditorCDDriveFrame</Form>
    </DCCReference>
    <DCCReference Include="ProfileMountEditorCDImageFrameUnit.pas">
      <Form>ProfileMountEditorCDImageFrame</Form>
    </DCCReference>
    <DCCReference Include="ProfileMountEditorDriveFrameUnit.pas">
      <Form>ProfileMountEditorDriveFrame</Form>
    </DCCReference>
    <DCCReference Include="ProfileMountEditorFloppyDriveFrameUnit.pas">
      <Form>ProfileMountEditorFloppyDriveFrame</Form>
    </DCCReference>
    <DCCReference Include="ProfileMountEditorFloppyImage1FrameUnit.pas">
      <Form>ProfileMountEditorFloppyImage1Frame</Form>
    </DCCReference>
    <DCCReference Include="ProfileMountEditorFloppyImage2FrameUnit.pas">
      <Form>ProfileMountEditorFloppyImage2Frame</Form>
    </DCCReference>
    <DCCReference Include="ProfileMountEditorFormUnit.pas">
      <Form>ProfileMountEditorForm</Form>
    </DCCReference>
    <DCCReference Include="ProfileMountEditorHDImageFrameUnit.pas">
      <Form>ProfileMountEditorHDImageFrame</Form>
    </DCCReference>
    <DCCReference Include="ProfileMountEditorPhysFSFrameUnit.pas">
      <Form>ProfileMountEditorPhysFSFrame</Form>
    </DCCReference>
    <DCCReference Include="ProfileMountEditorZipFrameUnit.pas">
      <Form>ProfileMountEditorZipFrame</Form>
    </DCCReference>
    <DCCReference Include="ProgramUpdateCheckUnit.pas" />
    <DCCReference Include="ProviderFormUnit.pas">
      <Form>ProviderForm</Form>
    </DCCReference>
    <DCCReference Include="QuickStartFormUnit.pas">
      <Form>QuickStartForm</Form>
    </DCCReference>
    <DCCReference Include="ReadDriveUnit.pas" />
    <DCCReference Include="RenameAllScreenshotsFormUnit.pas">
      <Form>RenameAllScreenshotsForm</Form>
    </DCCReference>
    <DCCReference Include="Resample.pas" />
    <DCCReference Include="ResetProfilesFormUnit.pas">
      <Form>ResetProfilesForm</Form>
    </DCCReference>
    <DCCReference Include="ResHookUnit.pas" />
    <DCCReference Include="RunPrgManagerUnit.pas" />
    <DCCReference Include="ScanGamesFolderFormUnit.pas">
      <Form>ScanGamesFolderForm</Form>
    </DCCReference>
    <DCCReference Include="ScreensaverControlUnit.pas" />
    <DCCReference Include="ScreenshotsCacheUnit.pas" />
    <DCCReference Include="ScummVMToolsUnit.pas" />
    <DCCReference Include="ScummVMUnit.pas" />
    <DCCReference Include="SelectAutoSetupFormUnit.pas">
      <Form>SelectAutoSetupForm</Form>
    </DCCReference>
    <DCCReference Include="SelectCDDriveToMountByDataFormUnit.pas">
      <Form>SelectCDDriveToMountByDataForm</Form>
    </DCCReference>
    <DCCReference Include="SelectCDDriveToMountFormUnit.pas">
      <Form>SelectCDDriveToMountForm</Form>
    </DCCReference>
    <DCCReference Include="SelectProfilesFormUnit.pas">
      <Form>SelectProfilesForm</Form>
    </DCCReference>
    <DCCReference Include="SelectTemplateForZipImportFormUnit.pas">
      <Form>SelectTemplateForZipImportForm</Form>
    </DCCReference>
    <DCCReference Include="SerialEditFormUnit.pas">
      <Form>SerialEditForm</Form>
    </DCCReference>
    <DCCReference Include="SetupDosBoxFormUnit.pas">
      <Form>SetupDosBoxForm</Form>
    </DCCReference>
    <DCCReference Include="SetupFormUnit.pas">
      <Form>SetupForm</Form>
    </DCCReference>
    <DCCReference Include="SetupFrameAutomaticConfigurationUnit.pas">
      <Form>SetupFrameAutomaticConfiguration</Form>
    </DCCReference>
    <DCCReference Include="SetupFrameBaseUnit.pas">
      <Form>SetupFrameBase</Form>
    </DCCReference>
    <DCCReference Include="SetupFrameCompressionUnit.pas">
      <Form>SetupFrameCompression</Form>
    </DCCReference>
    <DCCReference Include="SetupFrameCustomLanguageStringsUnit.pas">
      <Form>SetupFrameCustomLanguageStrings</Form>
    </DCCReference>
    <DCCReference Include="SetupFrameDataPrivacyUnit.pas">
      <Form>SetupFrameDataPrivacy</Form>
    </DCCReference>
    <DCCReference Include="SetupFrameDefaultValuesUnit.pas">
      <Form>SetupFrameDefaultValues</Form>
    </DCCReference>
    <DCCReference Include="SetupFrameDirectoriesUnit.pas">
      <Form>SetupFrameDirectories</Form>
    </DCCReference>
    <DCCReference Include="SetupFrameDOSBoxExtUnit.pas">
      <Form>SetupFrameDOSBoxExt</Form>
    </DCCReference>
    <DCCReference Include="SetupFrameDOSBoxFormUnit.pas">
      <Form>SetupFrameDOSBoxForm</Form>
    </DCCReference>
    <DCCReference Include="SetupFrameDOSBoxGlobalUnit.pas">
      <Form>SetupFrameDOSBoxGlobal</Form>
    </DCCReference>
    <DCCReference Include="SetupFrameDOSBoxUnit.pas">
      <Form>SetupFrameDOSBox</Form>
    </DCCReference>
    <DCCReference Include="SetupFrameEditorUnit.pas">
      <Form>SetupFrameEditor</Form>
    </DCCReference>
    <DCCReference Include="SetupFrameFreeDOSUnit.pas">
      <Form>SetupFrameFreeDOS</Form>
    </DCCReference>
    <DCCReference Include="SetupFrameGameListIconModeAppearanceUnit.pas">
      <Form>SetupFrameGameListIconModeAppearance</Form>
    </DCCReference>
    <DCCReference Include="SetupFrameGamesListAppearanceUnit.pas">
      <Form>SetupFrameGamesListAppearance</Form>
    </DCCReference>
    <DCCReference Include="SetupFrameGamesListColumnsUnit.pas">
      <Form>SetupFrameGamesListColumns</Form>
    </DCCReference>
    <DCCReference Include="SetupFrameGamesListScreenshotAppearanceUnit.pas">
      <Form>SetupFrameGamesListScreenshotAppearance</Form>
    </DCCReference>
    <DCCReference Include="SetupFrameGamesListScreenshotModeAppearanceUnit.pas">
      <Form>SetupFrameGamesListScreenshotModeAppearance</Form>
    </DCCReference>
    <DCCReference Include="SetupFrameGamesListTreeAppearanceUnit.pas">
      <Form>SetupFrameGamesListTreeAppearance</Form>
    </DCCReference>
    <DCCReference Include="SetupFrameImageScalingUnit.pas">
      <Form>SetupFrameImageScaling</Form>
    </DCCReference>
    <DCCReference Include="SetupFrameLanguageUnit.pas">
      <Form>SetupFrameLanguage</Form>
    </DCCReference>
    <DCCReference Include="SetupFrameMenubarUnit.pas">
      <Form>SetupFrameMenubar</Form>
    </DCCReference>
    <DCCReference Include="SetupFrameMoreEmulatorsUnit.pas">
      <Form>SetupFrameMoreEmulators</Form>
    </DCCReference>
    <DCCReference Include="SetupFrameProfileEditorUnit.pas">
      <Form>SetupFrameProfileEditor</Form>
    </DCCReference>
    <DCCReference Include="SetupFrameProgramsUnit.pas">
      <Form>SetupFramePrograms</Form>
    </DCCReference>
    <DCCReference Include="SetupFrameQBasicUnit.pas">
      <Form>SetupFrameQBasic</Form>
    </DCCReference>
    <DCCReference Include="SetupFrameScummVMUnit.pas">
      <Form>SetupFrameScummVM</Form>
    </DCCReference>
    <DCCReference Include="SetupFrameSecurityUnit.pas">
      <Form>SetupFrameSecurity</Form>
    </DCCReference>
    <DCCReference Include="SetupFrameServiceUnit.pas">
      <Form>SetupFrameService</Form>
    </DCCReference>
    <DCCReference Include="SetupFrameSurfaceUnit.pas">
      <Form>SetupFrameSurface</Form>
    </DCCReference>
    <DCCReference Include="SetupFrameToolbarUnit.pas">
      <Form>SetupFrameToolbar</Form>
    </DCCReference>
    <DCCReference Include="SetupFrameUpdateUnit.pas">
      <Form>SetupFrameUpdate</Form>
    </DCCReference>
    <DCCReference Include="SetupFrameUserInterpreterFrameUnit.pas">
      <Form>SetupFrameUserInterpreterFrame</Form>
    </DCCReference>
    <DCCReference Include="SetupFrameViewerUnit.pas">
      <Form>SetupFrameViewer</Form>
    </DCCReference>
    <DCCReference Include="SetupFrameWaveEncoderUnit.pas">
      <Form>SetupFrameWaveEncoder</Form>
    </DCCReference>
    <DCCReference Include="SetupFrameWindowsGamesUnit.pas">
      <Form>SetupFrameWindowsGames</Form>
    </DCCReference>
    <DCCReference Include="SetupFrameWineUnit.pas">
      <Form>SetupFrameWine</Form>
    </DCCReference>
    <DCCReference Include="SetupFrameZipPrgsUnit.pas">
      <Form>SetupFrameZipPrgs</Form>
    </DCCReference>
    <DCCReference Include="SimpleXMLUnit.pas" />
    <DCCReference Include="SingleInstanceUnit.pas" />
    <DCCReference Include="SmallWaitFormUnit.pas">
      <Form>SmallWaitForm</Form>
    </DCCReference>
    <DCCReference Include="StatisticsFormUnit.pas">
      <Form>StatisticsForm</Form>
    </DCCReference>
    <DCCReference Include="TemplateFormUnit.pas">
      <Form>TemplateForm</Form>
    </DCCReference>
    <DCCReference Include="TemplateSelectProfileFormUnit.pas">
      <Form>TemplateSelectProfileForm</Form>
    </DCCReference>
    <DCCReference Include="TextEditPopupUnit.pas" />
    <DCCReference Include="TextViewerFormUnit.pas">
      <Form>TextViewerForm</Form>
    </DCCReference>
    <DCCReference Include="TransferFormUnit.pas">
      <Form>TransferForm</Form>
    </DCCReference>
    <DCCReference Include="UninstallFormUnit.pas">
      <Form>UninstallForm</Form>
    </DCCReference>
    <DCCReference Include="UninstallSelectFormUnit.pas">
      <Form>UninstallSelectForm</Form>
    </DCCReference>
    <DCCReference Include="UpdateCheckFormUnit.pas">
      <Form>UpdateCheckForm</Form>
    </DCCReference>
    <DCCReference Include="UserInfoFormUnit.pas">
      <Form>UserInfoForm</Form>
    </DCCReference>
    <DCCReference Include="ViewFilesFrameUnit.pas">
      <Form>ViewFilesFrame</Form>
    </DCCReference>
    <DCCReference Include="ViewImageFormUnit.pas">
      <Form>ViewImageForm</Form>
    </DCCReference>
    <DCCReference Include="VistaToolsUnit.pas" />
    <DCCReference Include="WaitFormUnit.pas">
      <Form>WaitForm</Form>
    </DCCReference>
    <DCCReference Include="WallpaperStyleFormUnit.pas">
      <Form>WallpaperStyleForm</Form>
    </DCCReference>
    <DCCReference Include="WindowsFileWarningFormUnit.pas">
      <Form>WindowsFileWarningForm</Form>
    </DCCReference>
    <DCCReference Include="WindowsProfileUnit.pas" />
    <DCCReference Include="WizardBaseUnit.pas">
      <Form>WizardBaseFrame</Form>
    </DCCReference>
    <DCCReference Include="WizardFinishUnit.pas">
      <Form>WizardFinishFrame</Form>
    </DCCReference>
    <DCCReference Include="WizardFormUnit.pas">
      <Form>WizardForm</Form>
    </DCCReference>
    <DCCReference Include="WizardGameInfoUnit.pas">
      <Form>WizardGameInfoFrame</Form>
    </DCCReference>
    <DCCReference Include="WizardPrgFileUnit.pas">
      <Form>WizardPrgFileFrame</Form>
    </DCCReference>
    <DCCReference Include="WizardScummVMSettingsUnit.pas">
      <Form>WizardScummVMSettingsFrame</Form>
    </DCCReference>
    <DCCReference Include="WizardScummVMUnit.pas">
      <Form>WizardScummVMFrame</Form>
    </DCCReference>
    <DCCReference Include="WizardTemplateUnit.pas">
      <Form>WizardTemplateFrame</Form>
    </DCCReference>
    <DCCReference Include="ZipInfoFormUnit.pas">
      <Form>ZipInfoForm</Form>
    </DCCReference>
    <DCCReference Include="ZipManagerUnit.pas" />
    <DCCReference Include="ZipPackageDBGLFormUnit.pas">
      <Form>ZipPackageDBGLForm</Form>
    </DCCReference>
    <DCCReference Include="ZipPackageUnit.pas" />
    <DCCReference Include="ZipWaitInfoFormUnit.pas">
      <Form>ZipWaitInfoForm</Form>
    </DCCReference>
  </ItemGroup>
</Project>